
Microsoft Visual Studio Solution File, Format Version 12.00
# Visual Studio Version 16
VisualStudioVersion = 16.0.33529.622
MinimumVisualStudioVersion = 10.0.40219.1
Project("{FAE04EC0-301F-11D3-BF4B-00C04F79EFBC}") = "ChellengeOsas", "ChellengeOsas\ChellengeOsas.csproj", "{45ECC1E0-BEF3-4226-A00C-2EDA49D222BF}"
EndProject
Global
	GlobalSection(SolutionConfigurationPlatforms) = preSolution
		Debug|Any CPU = Debug|Any CPU
		Release|Any CPU = Release|Any CPU
	EndGlobalSection
	GlobalSection(ProjectConfigurationPlatforms) = postSolution
		{45ECC1E0-BEF3-4226-A00C-2EDA49D222BF}.Debug|Any CPU.ActiveCfg = Debug|Any CPU
		{45ECC1E0-BEF3-4226-A00C-2EDA49D222BF}.Debug|Any CPU.Build.0 = Debug|Any CPU
		{45ECC1E0-BEF3-4226-A00C-2EDA49D222BF}.Release|Any CPU.ActiveCfg = Release|Any CPU
		{45ECC1E0-BEF3-4226-A00C-2EDA49D222BF}.Release|Any CPU.Build.0 = Release|Any CPU
	EndGlobalSection
	GlobalSection(SolutionProperties) = preSolution
		HideSolutionNode = FALSE
	EndGlobalSection
	GlobalSection(ExtensibilityGlobals) = postSolution
		SolutionGuid = {C29707DD-D180-4A64-BA39-FD1AC68D20D9}
	EndGlobalSection
EndGlobal
